{"1.2.0",
[{<<"goldrush">>,{pkg,<<"goldrush">>,<<"0.1.9">>},1},
 {<<"jsx">>,{pkg,<<"jsx">>,<<"2.10.0">>},0},
 {<<"lager">>,{pkg,<<"lager">>,<<"3.9.1">>},0},
 {<<"mqtt_packet_map">>,{pkg,<<"mqtt_packet_map">>,<<"1.1.0">>},0},
 {<<"router">>,{pkg,<<"router">>,<<"1.0.4">>},0},
 {<<"sidejob">>,{pkg,<<"sidejob">>,<<"2.1.0">>},0},
 {<<"zotonic_stdlib">>,{pkg,<<"zotonic_stdlib">>,<<"1.2.9">>},0}]}.
[
{pkg_hash,[
 {<<"goldrush">>, <<"F06E5D5F1277DA5C413E84D5A2924174182FB108DABB39D5EC548B27424CD106">>},
 {<<"jsx">>, <<"77760560D6AC2B8C51FD4C980E9E19B784016AA70BE354CE746472C33BEB0B1C">>},
 {<<"lager">>, <<"5885BC71308CD38F9D025C8ECDE4E5CCE1CE8565F80BFC6199865C845D6DBE95">>},
 {<<"mqtt_packet_map">>, <<"4D44C0673B936491F9BE7AF4908092AB902C0ADFD168158DC73953A3A560C547">>},
 {<<"router">>, <<"E9311B9D296B41C9484FC933EFD847F87E7DCBAD94DEE1566FB77570CA59EF2C">>},
 {<<"sidejob">>, <<"5D6A7C9C620778CB1908E46B552D767DF2ED4D77070BB7B5B8773D4FF18D1D37">>},
 {<<"zotonic_stdlib">>, <<"64766180F5214506D768F08167038824EE4CE53992DF9A8024C5C1F442FA8D9D">>}]},
{pkg_hash_ext,[
 {<<"goldrush">>, <<"99CB4128CFFCB3227581E5D4D803D5413FA643F4EB96523F77D9E6937D994CEB">>},
 {<<"jsx">>, <<"9A83E3704807298016968DB506F9FAD0F027DE37546EB838B3AE1064C3A0AD62">>},
 {<<"lager">>, <<"3F59BA75A04A99E5F18BF91C89F46DCE536F83C6CB415FE26E6E75A62BEF37DC">>},
 {<<"mqtt_packet_map">>, <<"82BD12177EC927244ECC40093FB5A9BFAC317106168FD11F7D49FB3434C6D1DA">>},
 {<<"router">>, <<"C9F939968F8D8BCBEB03087829693E5BEEA6BFFD14A9717200FB57522A141838">>},
 {<<"sidejob">>, <<"6DC3DAC041C8C07C64401ECD22684730DA1497F5F14377B3CA9C5B2B9A135181">>},
 {<<"zotonic_stdlib">>, <<"31BF7192C1FE4A2B7CE605E54FDC404831DFD693C654DB39772B2D5E729F1FEA">>}]}
].
