{"1.2.0",
[{<<"cowlib">>,{pkg,<<"cowlib">>,<<"2.18.0">>},1},
 {<<"euneus">>,{pkg,<<"euneus">>,<<"2.4.0">>},2},
 {<<"json_polyfill">>,{pkg,<<"json_polyfill">>,<<"0.1.4">>},2},
 {<<"jsx">>,{pkg,<<"jsx">>,<<"3.1.0">>},0},
 {<<"jsxrecord">>,{pkg,<<"jsxrecord">>,<<"2.2.0">>},1},
 {<<"mqtt_packet_map">>,{pkg,<<"mqtt_packet_map">>,<<"1.3.1">>},0},
 {<<"qdate_localtime">>,{pkg,<<"qdate_localtime">>,<<"1.2.2">>},1},
 {<<"router">>,{pkg,<<"router">>,<<"1.0.4">>},0},
 {<<"sidejob">>,{pkg,<<"sidejob">>,<<"2.1.0">>},0},
 {<<"ssl_verify_fun">>,{pkg,<<"ssl_verify_fun">>,<<"1.1.7">>},2},
 {<<"tls_certificate_check">>,
  {pkg,<<"tls_certificate_check">>,<<"1.33.0">>},
  1},
 {<<"zotonic_stdlib">>,{pkg,<<"zotonic_stdlib">>,<<"1.31.1">>},0}]}.
[
{pkg_hash,[
 {<<"cowlib">>, <<"4A3EF8CB012C21C7CBB7C925F75405E26D7FCD393FD78C46187539DBC9A48310">>},
 {<<"euneus">>, <<"E58178FB3B2C6FE139C863C4B347574E4C599BF1B9530ED3BAE7A10E2C7F870A">>},
 {<<"json_polyfill">>, <<"ED9AD7A8CBDB8D1F1E59E22CDAE23A153A5BB93B5529AEBAEB189CA4B4C536C8">>},
 {<<"jsx">>, <<"D12516BAA0BB23A59BB35DCCAF02A1BD08243FCBB9EFE24F2D9D056CCFF71268">>},
 {<<"jsxrecord">>, <<"486617130EAC71E5134CAF7CD4661A1850AE74B8BD628BDB586754D70A0FFA94">>},
 {<<"mqtt_packet_map">>, <<"7C7D4F34516A404BFC7305E59BD56E2E7045F9D67DFC68F8FE252552084769AC">>},
 {<<"qdate_localtime">>, <<"43E1B20102F50A8B2A2BE7042C2F6BE989AD96CA2CC319DB5DF56E122E8873F6">>},
 {<<"router">>, <<"E9311B9D296B41C9484FC933EFD847F87E7DCBAD94DEE1566FB77570CA59EF2C">>},
 {<<"sidejob">>, <<"5D6A7C9C620778CB1908E46B552D767DF2ED4D77070BB7B5B8773D4FF18D1D37">>},
 {<<"ssl_verify_fun">>, <<"354C321CF377240C7B8716899E182CE4890C5938111A1296ADD3EC74CF1715DF">>},
 {<<"tls_certificate_check">>, <<"01E0822A2EBB0B207C4964E8D32AD8B1B8CE1CAF58F446E53F816D06DB953DE4">>},
 {<<"zotonic_stdlib">>, <<"FDC62ACA8011244EF113666FFB99A053504A7E61B1CF7D4212ABE1BDA9C1C58E">>}]},
{pkg_hash_ext,[
 {<<"cowlib">>, <<"C4F89D33A61162D4CFDCB5A1AF7E562D80A700B2573CC71020CE6521B152DC1A">>},
 {<<"euneus">>, <<"200EEFCE320314831AD79D77F03B109BC035E0A282B6B71FBCD3A7982804184D">>},
 {<<"json_polyfill">>, <<"48C397EE2547FA459EDE01A30EC0E85717ABED3010867A63EEAAC5F203274303">>},
 {<<"jsx">>, <<"0C5CC8FDC11B53CC25CF65AC6705AD39E54ECC56D1C22E4ADB8F5A53FB9427F3">>},
 {<<"jsxrecord">>, <<"7C8D6F6EE0E253EC6C8BC68825403089E7E22860111D5AA764FA793FF195AAD4">>},
 {<<"mqtt_packet_map">>, <<"EE9FA1E75C20EDDCF93F650E8822DCB676A9776684BC45C39270C0D6ECB582E5">>},
 {<<"qdate_localtime">>, <<"A38D5F1C5AE14B22F471E442B262AECCAFB915B664C7C364443DC73179C50FDA">>},
 {<<"router">>, <<"C9F939968F8D8BCBEB03087829693E5BEEA6BFFD14A9717200FB57522A141838">>},
 {<<"sidejob">>, <<"6DC3DAC041C8C07C64401ECD22684730DA1497F5F14377B3CA9C5B2B9A135181">>},
 {<<"ssl_verify_fun">>, <<"FE4C190E8F37401D30167C8C405EDA19469F34577987C76DDE613E838BBC67F8">>},
 {<<"tls_certificate_check">>, <<"CAB9A7439E2DBFE91B38104F2D8A4B6D61DBC4D3A5AD59AC364713A88C6CFD9B">>},
 {<<"zotonic_stdlib">>, <<"F68E2601CF1272B3E136B67C3DE95457696F42ECE1E807F46B6E64C099A28075">>}]}
].
